
Microsoft Visual Studio Solution File, Format Version 12.00
# Visual Studio Version 16
VisualStudioVersion = 16.0.29806.167
MinimumVisualStudioVersion = 10.0.40219.1
Project("{FAE04EC0-301F-11D3-BF4B-00C04F79EFBC}") = "1-PrimeiraAula", "1-PrimeiraAula\1-PrimeiraAula.csproj", "{3DE68AD5-5E40-48F2-BF80-508C977C22FF}"
EndProject
Project("{FAE04EC0-301F-11D3-BF4B-00C04F79EFBC}") = "2 - Criação de Variaveis", "2 - Criação de Variaveis\2 - Criação de Variaveis.csproj", "{E80A99E0-B6B9-4AB8-BF5A-0462F637C9A5}"
EndProject
Project("{FAE04EC0-301F-11D3-BF4B-00C04F79EFBC}") = "3-CriandoVariaveisPontoFlutuante", "3-CriandoVariaveisPontoFlutuante\3-CriandoVariaveisPontoFlutuante.csproj", "{E6CFDF91-4420-4F44-82E0-20D30F0F6417}"
EndProject
Project("{FAE04EC0-301F-11D3-BF4B-00C04F79EFBC}") = "4-Conversoes e Outros tipos numericos", "4-Conversoes e Outros tipos numericos\4-Conversoes e Outros tipos numericos.csproj", "{7F642915-3045-4AAE-A6BE-4C3958104773}"
EndProject
Project("{FAE04EC0-301F-11D3-BF4B-00C04F79EFBC}") = "5-CaractereseTextos", "5-CaractereseTextos\5-CaractereseTextos.csproj", "{1FFCA313-AAEB-4B45-9EBD-A2B63ABA16C8}"
EndProject
Project("{FAE04EC0-301F-11D3-BF4B-00C04F79EFBC}") = "6-AtibuiçoesDeVariaveis", "6-AtibuiçoesDeVariaveis\6-AtibuiçoesDeVariaveis.csproj", "{44C9702D-A3B0-4D42-B01F-0460E7CB5EB9}"
EndProject
Project("{FAE04EC0-301F-11D3-BF4B-00C04F79EFBC}") = "7-Condicionais", "7-Condicionais\7-Condicionais.csproj", "{DEFD6361-F5D8-4656-A1FC-0E7BF6507724}"
EndProject
Project("{FAE04EC0-301F-11D3-BF4B-00C04F79EFBC}") = "8-Condicionais2", "8-Condicionais2\8-Condicionais2.csproj", "{CADD5D1A-D5BA-4A94-832F-0C76A84216B2}"
EndProject
Project("{FAE04EC0-301F-11D3-BF4B-00C04F79EFBC}") = "9-Escopo", "9-Escopo\9-Escopo.csproj", "{158FF54C-F24D-4B1D-BDFA-2F281EF2AA51}"
EndProject
Project("{FAE04EC0-301F-11D3-BF4B-00C04F79EFBC}") = "O-Exercicio - Escopo Aula9", "Exercicio - Escopo Aula9\O-Exercicio - Escopo Aula9.csproj", "{450C1A9D-2B6A-4126-BFFA-23071A20679F}"
EndProject
Project("{FAE04EC0-301F-11D3-BF4B-00C04F79EFBC}") = "P10 - CalculaPoupanca", "P10 - CalculaPoupanca\P10 - CalculaPoupanca.csproj", "{33A07547-0A3A-4907-852B-3202DC961E18}"
EndProject
Project("{FAE04EC0-301F-11D3-BF4B-00C04F79EFBC}") = "P11 - CalculaPoupanca2", "P11 - CalculaPoupanca2\P11 - CalculaPoupanca2.csproj", "{90C86DDA-4D91-407B-9475-981F0CDBD440}"
EndProject
Project("{FAE04EC0-301F-11D3-BF4B-00C04F79EFBC}") = "P12-CalculaInvestimentoLongoPrazo", "P12-CalculaInvestimentoLongoPrazo\P12-CalculaInvestimentoLongoPrazo.csproj", "{20359D62-F32C-4041-85F4-7D3F1096816C}"
EndProject
Project("{FAE04EC0-301F-11D3-BF4B-00C04F79EFBC}") = "P13-ForEncadeado", "P13-ForEncadeado\P13-ForEncadeado.csproj", "{6CCE05AF-EB2E-4205-96B3-A1199B415A5C}"
EndProject
Project("{FAE04EC0-301F-11D3-BF4B-00C04F79EFBC}") = "O-ExercicioForEncadeado", "ExercicioForEncadeado\O-ExercicioForEncadeado.csproj", "{65A6D061-831C-42AA-BE31-9BA53F2412A5}"
EndProject
Project("{FAE04EC0-301F-11D3-BF4B-00C04F79EFBC}") = "O-ExercicioLacodeRepeticaoFor", "ExercicioForEncadeado2\O-ExercicioLacodeRepeticaoFor.csproj", "{ADA9F5BE-A4C8-4912-A8AA-1D85A75A343C}"
EndProject
Project("{FAE04EC0-301F-11D3-BF4B-00C04F79EFBC}") = "O-ExercicioLacodeRepeticaoFor2", "O-ExercicioLacodeRepeticaoFor2\O-ExercicioLacodeRepeticaoFor2.csproj", "{AD70E995-9B46-4E04-8942-E915D88A3B59}"
EndProject
Project("{FAE04EC0-301F-11D3-BF4B-00C04F79EFBC}") = "W-Desafio for", "W-Desafio for\W-Desafio for.csproj", "{5A3D89EB-9EC5-42BD-A39D-10F34CF04202}"
EndProject
Project("{FAE04EC0-301F-11D3-BF4B-00C04F79EFBC}") = "W - Desafio Fatorial", "W - Desafio Fatorial\W - Desafio Fatorial.csproj", "{2E89B029-3BC6-4CA0-83D3-4D2016936673}"
EndProject
Global
	GlobalSection(SolutionConfigurationPlatforms) = preSolution
		Debug|Any CPU = Debug|Any CPU
		Release|Any CPU = Release|Any CPU
	EndGlobalSection
	GlobalSection(ProjectConfigurationPlatforms) = postSolution
		{3DE68AD5-5E40-48F2-BF80-508C977C22FF}.Debug|Any CPU.ActiveCfg = Debug|Any CPU
		{3DE68AD5-5E40-48F2-BF80-508C977C22FF}.Debug|Any CPU.Build.0 = Debug|Any CPU
		{3DE68AD5-5E40-48F2-BF80-508C977C22FF}.Release|Any CPU.ActiveCfg = Release|Any CPU
		{3DE68AD5-5E40-48F2-BF80-508C977C22FF}.Release|Any CPU.Build.0 = Release|Any CPU
		{E80A99E0-B6B9-4AB8-BF5A-0462F637C9A5}.Debug|Any CPU.ActiveCfg = Debug|Any CPU
		{E80A99E0-B6B9-4AB8-BF5A-0462F637C9A5}.Debug|Any CPU.Build.0 = Debug|Any CPU
		{E80A99E0-B6B9-4AB8-BF5A-0462F637C9A5}.Release|Any CPU.ActiveCfg = Release|Any CPU
		{E80A99E0-B6B9-4AB8-BF5A-0462F637C9A5}.Release|Any CPU.Build.0 = Release|Any CPU
		{E6CFDF91-4420-4F44-82E0-20D30F0F6417}.Debug|Any CPU.ActiveCfg = Debug|Any CPU
		{E6CFDF91-4420-4F44-82E0-20D30F0F6417}.Debug|Any CPU.Build.0 = Debug|Any CPU
		{E6CFDF91-4420-4F44-82E0-20D30F0F6417}.Release|Any CPU.ActiveCfg = Release|Any CPU
		{E6CFDF91-4420-4F44-82E0-20D30F0F6417}.Release|Any CPU.Build.0 = Release|Any CPU
		{7F642915-3045-4AAE-A6BE-4C3958104773}.Debug|Any CPU.ActiveCfg = Debug|Any CPU
		{7F642915-3045-4AAE-A6BE-4C3958104773}.Debug|Any CPU.Build.0 = Debug|Any CPU
		{7F642915-3045-4AAE-A6BE-4C3958104773}.Release|Any CPU.ActiveCfg = Release|Any CPU
		{7F642915-3045-4AAE-A6BE-4C3958104773}.Release|Any CPU.Build.0 = Release|Any CPU
		{1FFCA313-AAEB-4B45-9EBD-A2B63ABA16C8}.Debug|Any CPU.ActiveCfg = Debug|Any CPU
		{1FFCA313-AAEB-4B45-9EBD-A2B63ABA16C8}.Debug|Any CPU.Build.0 = Debug|Any CPU
		{1FFCA313-AAEB-4B45-9EBD-A2B63ABA16C8}.Release|Any CPU.ActiveCfg = Release|Any CPU
		{1FFCA313-AAEB-4B45-9EBD-A2B63ABA16C8}.Release|Any CPU.Build.0 = Release|Any CPU
		{44C9702D-A3B0-4D42-B01F-0460E7CB5EB9}.Debug|Any CPU.ActiveCfg = Debug|Any CPU
		{44C9702D-A3B0-4D42-B01F-0460E7CB5EB9}.Debug|Any CPU.Build.0 = Debug|Any CPU
		{44C9702D-A3B0-4D42-B01F-0460E7CB5EB9}.Release|Any CPU.ActiveCfg = Release|Any CPU
		{44C9702D-A3B0-4D42-B01F-0460E7CB5EB9}.Release|Any CPU.Build.0 = Release|Any CPU
		{DEFD6361-F5D8-4656-A1FC-0E7BF6507724}.Debug|Any CPU.ActiveCfg = Debug|Any CPU
		{DEFD6361-F5D8-4656-A1FC-0E7BF6507724}.Debug|Any CPU.Build.0 = Debug|Any CPU
		{DEFD6361-F5D8-4656-A1FC-0E7BF6507724}.Release|Any CPU.ActiveCfg = Release|Any CPU
		{DEFD6361-F5D8-4656-A1FC-0E7BF6507724}.Release|Any CPU.Build.0 = Release|Any CPU
		{CADD5D1A-D5BA-4A94-832F-0C76A84216B2}.Debug|Any CPU.ActiveCfg = Debug|Any CPU
		{CADD5D1A-D5BA-4A94-832F-0C76A84216B2}.Debug|Any CPU.Build.0 = Debug|Any CPU
		{CADD5D1A-D5BA-4A94-832F-0C76A84216B2}.Release|Any CPU.ActiveCfg = Release|Any CPU
		{CADD5D1A-D5BA-4A94-832F-0C76A84216B2}.Release|Any CPU.Build.0 = Release|Any CPU
		{158FF54C-F24D-4B1D-BDFA-2F281EF2AA51}.Debug|Any CPU.ActiveCfg = Debug|Any CPU
		{158FF54C-F24D-4B1D-BDFA-2F281EF2AA51}.Debug|Any CPU.Build.0 = Debug|Any CPU
		{158FF54C-F24D-4B1D-BDFA-2F281EF2AA51}.Release|Any CPU.ActiveCfg = Release|Any CPU
		{158FF54C-F24D-4B1D-BDFA-2F281EF2AA51}.Release|Any CPU.Build.0 = Release|Any CPU
		{450C1A9D-2B6A-4126-BFFA-23071A20679F}.Debug|Any CPU.ActiveCfg = Debug|Any CPU
		{450C1A9D-2B6A-4126-BFFA-23071A20679F}.Debug|Any CPU.Build.0 = Debug|Any CPU
		{450C1A9D-2B6A-4126-BFFA-23071A20679F}.Release|Any CPU.ActiveCfg = Release|Any CPU
		{450C1A9D-2B6A-4126-BFFA-23071A20679F}.Release|Any CPU.Build.0 = Release|Any CPU
		{33A07547-0A3A-4907-852B-3202DC961E18}.Debug|Any CPU.ActiveCfg = Debug|Any CPU
		{33A07547-0A3A-4907-852B-3202DC961E18}.Debug|Any CPU.Build.0 = Debug|Any CPU
		{33A07547-0A3A-4907-852B-3202DC961E18}.Release|Any CPU.ActiveCfg = Release|Any CPU
		{33A07547-0A3A-4907-852B-3202DC961E18}.Release|Any CPU.Build.0 = Release|Any CPU
		{90C86DDA-4D91-407B-9475-981F0CDBD440}.Debug|Any CPU.ActiveCfg = Debug|Any CPU
		{90C86DDA-4D91-407B-9475-981F0CDBD440}.Debug|Any CPU.Build.0 = Debug|Any CPU
		{90C86DDA-4D91-407B-9475-981F0CDBD440}.Release|Any CPU.ActiveCfg = Release|Any CPU
		{90C86DDA-4D91-407B-9475-981F0CDBD440}.Release|Any CPU.Build.0 = Release|Any CPU
		{20359D62-F32C-4041-85F4-7D3F1096816C}.Debug|Any CPU.ActiveCfg = Debug|Any CPU
		{20359D62-F32C-4041-85F4-7D3F1096816C}.Debug|Any CPU.Build.0 = Debug|Any CPU
		{20359D62-F32C-4041-85F4-7D3F1096816C}.Release|Any CPU.ActiveCfg = Release|Any CPU
		{20359D62-F32C-4041-85F4-7D3F1096816C}.Release|Any CPU.Build.0 = Release|Any CPU
		{6CCE05AF-EB2E-4205-96B3-A1199B415A5C}.Debug|Any CPU.ActiveCfg = Debug|Any CPU
		{6CCE05AF-EB2E-4205-96B3-A1199B415A5C}.Debug|Any CPU.Build.0 = Debug|Any CPU
		{6CCE05AF-EB2E-4205-96B3-A1199B415A5C}.Release|Any CPU.ActiveCfg = Release|Any CPU
		{6CCE05AF-EB2E-4205-96B3-A1199B415A5C}.Release|Any CPU.Build.0 = Release|Any CPU
		{65A6D061-831C-42AA-BE31-9BA53F2412A5}.Debug|Any CPU.ActiveCfg = Debug|Any CPU
		{65A6D061-831C-42AA-BE31-9BA53F2412A5}.Debug|Any CPU.Build.0 = Debug|Any CPU
		{65A6D061-831C-42AA-BE31-9BA53F2412A5}.Release|Any CPU.ActiveCfg = Release|Any CPU
		{65A6D061-831C-42AA-BE31-9BA53F2412A5}.Release|Any CPU.Build.0 = Release|Any CPU
		{ADA9F5BE-A4C8-4912-A8AA-1D85A75A343C}.Debug|Any CPU.ActiveCfg = Debug|Any CPU
		{ADA9F5BE-A4C8-4912-A8AA-1D85A75A343C}.Debug|Any CPU.Build.0 = Debug|Any CPU
		{ADA9F5BE-A4C8-4912-A8AA-1D85A75A343C}.Release|Any CPU.ActiveCfg = Release|Any CPU
		{ADA9F5BE-A4C8-4912-A8AA-1D85A75A343C}.Release|Any CPU.Build.0 = Release|Any CPU
		{AD70E995-9B46-4E04-8942-E915D88A3B59}.Debug|Any CPU.ActiveCfg = Debug|Any CPU
		{AD70E995-9B46-4E04-8942-E915D88A3B59}.Debug|Any CPU.Build.0 = Debug|Any CPU
		{AD70E995-9B46-4E04-8942-E915D88A3B59}.Release|Any CPU.ActiveCfg = Release|Any CPU
		{AD70E995-9B46-4E04-8942-E915D88A3B59}.Release|Any CPU.Build.0 = Release|Any CPU
		{5A3D89EB-9EC5-42BD-A39D-10F34CF04202}.Debug|Any CPU.ActiveCfg = Debug|Any CPU
		{5A3D89EB-9EC5-42BD-A39D-10F34CF04202}.Debug|Any CPU.Build.0 = Debug|Any CPU
		{5A3D89EB-9EC5-42BD-A39D-10F34CF04202}.Release|Any CPU.ActiveCfg = Release|Any CPU
		{5A3D89EB-9EC5-42BD-A39D-10F34CF04202}.Release|Any CPU.Build.0 = Release|Any CPU
		{2E89B029-3BC6-4CA0-83D3-4D2016936673}.Debug|Any CPU.ActiveCfg = Debug|Any CPU
		{2E89B029-3BC6-4CA0-83D3-4D2016936673}.Debug|Any CPU.Build.0 = Debug|Any CPU
		{2E89B029-3BC6-4CA0-83D3-4D2016936673}.Release|Any CPU.ActiveCfg = Release|Any CPU
		{2E89B029-3BC6-4CA0-83D3-4D2016936673}.Release|Any CPU.Build.0 = Release|Any CPU
	EndGlobalSection
	GlobalSection(SolutionProperties) = preSolution
		HideSolutionNode = FALSE
	EndGlobalSection
	GlobalSection(ExtensibilityGlobals) = postSolution
		SolutionGuid = {61B5B215-B98C-44B5-938C-4A488831FEAC}
	EndGlobalSection
EndGlobal
